
Microsoft Visual Studio Solution File, Format Version 12.00
# Visual Studio 15
VisualStudioVersion = 15.0.34112.143
MinimumVisualStudioVersion = 10.0.40219.1
Project("{8BC9CEB8-8B4A-11D0-8D11-00A0C91BC942}") = "Project1", "Project1\Project1.vcxproj", "{64C43867-1D70-4F9B-96CD-5CEDBC8776E9}"
EndProject
Global
	GlobalSection(SolutionConfigurationPlatforms) = preSolution
		Debug|x64 = Debug|x64
		Debug|x86 = Debug|x86
		Release|x64 = Release|x64
		Release|x86 = Release|x86
	EndGlobalSection
	GlobalSection(ProjectConfigurationPlatforms) = postSolution
		{64C43867-1D70-4F9B-96CD-5CEDBC8776E9}.Debug|x64.ActiveCfg = Debug|x64
		{64C43867-1D70-4F9B-96CD-5CEDBC8776E9}.Debug|x64.Build.0 = Debug|x64
		{64C43867-1D70-4F9B-96CD-5CEDBC8776E9}.Debug|x86.ActiveCfg = Debug|Win32
		{64C43867-1D70-4F9B-96CD-5CEDBC8776E9}.Debug|x86.Build.0 = Debug|Win32
		{64C43867-1D70-4F9B-96CD-5CEDBC8776E9}.Release|x64.ActiveCfg = Release|x64
		{64C43867-1D70-4F9B-96CD-5CEDBC8776E9}.Release|x64.Build.0 = Release|x64
		{64C43867-1D70-4F9B-96CD-5CEDBC8776E9}.Release|x86.ActiveCfg = Release|Win32
		{64C43867-1D70-4F9B-96CD-5CEDBC8776E9}.Release|x86.Build.0 = Release|Win32
	EndGlobalSection
	GlobalSection(SolutionProperties) = preSolution
		HideSolutionNode = FALSE
	EndGlobalSection
	GlobalSection(ExtensibilityGlobals) = postSolution
		SolutionGuid = {055CDB03-5ED9-44BB-AB70-4E43955A7FCE}
	EndGlobalSection
EndGlobal
